
Microsoft Visual Studio Solution File, Format Version 12.00
# Visual Studio 15
VisualStudioVersion = 15.0.27703.2042
MinimumVisualStudioVersion = 10.0.40219.1
Project("{FAE04EC0-301F-11D3-BF4B-00C04F79EFBC}") = "RawModelClassGeneration", "RawModelClassGeneration\RawModelClassGeneration.csproj", "{9BA3834F-1B5B-492A-8993-361523E12851}"
EndProject
Global
	GlobalSection(SolutionConfigurationPlatforms) = preSolution
		Debug|Any CPU = Debug|Any CPU
		Release|Any CPU = Release|Any CPU
	EndGlobalSection
	GlobalSection(ProjectConfigurationPlatforms) = postSolution
		{9BA3834F-1B5B-492A-8993-361523E12851}.Debug|Any CPU.ActiveCfg = Debug|Any CPU
		{9BA3834F-1B5B-492A-8993-361523E12851}.Debug|Any CPU.Build.0 = Debug|Any CPU
		{9BA3834F-1B5B-492A-8993-361523E12851}.Release|Any CPU.ActiveCfg = Release|Any CPU
		{9BA3834F-1B5B-492A-8993-361523E12851}.Release|Any CPU.Build.0 = Release|Any CPU
	EndGlobalSection
	GlobalSection(SolutionProperties) = preSolution
		HideSolutionNode = FALSE
	EndGlobalSection
	GlobalSection(ExtensibilityGlobals) = postSolution
		SolutionGuid = {8BF5ED2A-0A32-4517-A0F0-031ADDCD6E1F}
	EndGlobalSection
EndGlobal
